
Microsoft Visual Studio Solution File, Format Version 12.00
# Visual Studio 2013
VisualStudioVersion = 12.0.31101.0
MinimumVisualStudioVersion = 10.0.40219.1
Project("{FAE04EC0-301F-11D3-BF4B-00C04F79EFBC}") = "Azure Comparator", "ConsoleApplication3\Azure Comparator.csproj", "{4604EF8A-6D05-4E0F-99C1-D6B709C69351}"
EndProject
Global
	GlobalSection(SolutionConfigurationPlatforms) = preSolution
		Debug|Any CPU = Debug|Any CPU
		Release|Any CPU = Release|Any CPU
	EndGlobalSection
	GlobalSection(ProjectConfigurationPlatforms) = postSolution
		{4604EF8A-6D05-4E0F-99C1-D6B709C69351}.Debug|Any CPU.ActiveCfg = Debug|Any CPU
		{4604EF8A-6D05-4E0F-99C1-D6B709C69351}.Debug|Any CPU.Build.0 = Debug|Any CPU
		{4604EF8A-6D05-4E0F-99C1-D6B709C69351}.Release|Any CPU.ActiveCfg = Release|Any CPU
		{4604EF8A-6D05-4E0F-99C1-D6B709C69351}.Release|Any CPU.Build.0 = Release|Any CPU
	EndGlobalSection
	GlobalSection(SolutionProperties) = preSolution
		HideSolutionNode = FALSE
	EndGlobalSection
EndGlobal
